// !$*UTF8*$!
{
	archiveVersion = 1;
	classes = {
	};
	objectVersion = 56;
	objects = {

/* Begin PBXBuildFile section */
		29474A322BAFB95A00364FCC /* LoginScreen.swift in Sources */ = {isa = PBXBuildFile; fileRef = 29474A312BAFB95A00364FCC /* LoginScreen.swift */; };
		29474A352BAFDF0100364FCC /* SignUpScreen.swift in Sources */ = {isa = PBXBuildFile; fileRef = 29474A342BAFDF0100364FCC /* SignUpScreen.swift */; };
		29474A382BAFDF2600364FCC /* ProfileScreen.swift in Sources */ = {isa = PBXBuildFile; fileRef = 29474A372BAFDF2600364FCC /* ProfileScreen.swift */; };
		29474A3B2BAFDF5500364FCC /* AddRecipeScreen.swift in Sources */ = {isa = PBXBuildFile; fileRef = 29474A3A2BAFDF5500364FCC /* AddRecipeScreen.swift */; };
		29474A3E2BAFDF7200364FCC /* RecipeScreen.swift in Sources */ = {isa = PBXBuildFile; fileRef = 29474A3D2BAFDF7200364FCC /* RecipeScreen.swift */; };
		29474A412BAFDFDD00364FCC /* GenerateRecipeScreen.swift in Sources */ = {isa = PBXBuildFile; fileRef = 29474A402BAFDFDD00364FCC /* GenerateRecipeScreen.swift */; };
		29474A442BAFDFF800364FCC /* MainScreen.swift in Sources */ = {isa = PBXBuildFile; fileRef = 29474A432BAFDFF800364FCC /* MainScreen.swift */; };
		29474A482BBD060A00364FCC /* ContentCardCell.swift in Sources */ = {isa = PBXBuildFile; fileRef = 29474A472BBD060A00364FCC /* ContentCardCell.swift */; };
		29474A4A2BBD1D7600364FCC /* MainScreenViewController.swift in Sources */ = {isa = PBXBuildFile; fileRef = 29474A492BBD1D7600364FCC /* MainScreenViewController.swift */; };
		29474A4C2BBD264400364FCC /* SignUpViewController.swift in Sources */ = {isa = PBXBuildFile; fileRef = 29474A4B2BBD264400364FCC /* SignUpViewController.swift */; };
		29474A4E2BBD265600364FCC /* LoginViewController.swift in Sources */ = {isa = PBXBuildFile; fileRef = 29474A4D2BBD265600364FCC /* LoginViewController.swift */; };
		298F69972BAFAFAE00CE9FDD /* AppDelegate.swift in Sources */ = {isa = PBXBuildFile; fileRef = 298F69962BAFAFAE00CE9FDD /* AppDelegate.swift */; };
		298F69992BAFAFAE00CE9FDD /* SceneDelegate.swift in Sources */ = {isa = PBXBuildFile; fileRef = 298F69982BAFAFAE00CE9FDD /* SceneDelegate.swift */; };
		298F699B2BAFAFAE00CE9FDD /* ViewController.swift in Sources */ = {isa = PBXBuildFile; fileRef = 298F699A2BAFAFAE00CE9FDD /* ViewController.swift */; };
		298F699E2BAFAFAE00CE9FDD /* Base in Resources */ = {isa = PBXBuildFile; fileRef = 298F699D2BAFAFAE00CE9FDD /* Base */; };
		298F69A02BAFAFB100CE9FDD /* Assets.xcassets in Resources */ = {isa = PBXBuildFile; fileRef = 298F699F2BAFAFB100CE9FDD /* Assets.xcassets */; };
		298F69A32BAFAFB100CE9FDD /* Base in Resources */ = {isa = PBXBuildFile; fileRef = 298F69A22BAFAFB100CE9FDD /* Base */; };
		298F69AE2BAFAFB100CE9FDD /* CS5520_Final_ProjectTests.swift in Sources */ = {isa = PBXBuildFile; fileRef = 298F69AD2BAFAFB100CE9FDD /* CS5520_Final_ProjectTests.swift */; };
		298F69B82BAFAFB100CE9FDD /* CS5520_Final_ProjectUITests.swift in Sources */ = {isa = PBXBuildFile; fileRef = 298F69B72BAFAFB100CE9FDD /* CS5520_Final_ProjectUITests.swift */; };
		298F69BA2BAFAFB100CE9FDD /* CS5520_Final_ProjectUITestsLaunchTests.swift in Sources */ = {isa = PBXBuildFile; fileRef = 298F69B92BAFAFB100CE9FDD /* CS5520_Final_ProjectUITestsLaunchTests.swift */; };
/* End PBXBuildFile section */

/* Begin PBXContainerItemProxy section */
		298F69AA2BAFAFB100CE9FDD /* PBXContainerItemProxy */ = {
			isa = PBXContainerItemProxy;
			containerPortal = 298F698B2BAFAFAE00CE9FDD /* Project object */;
			proxyType = 1;
			remoteGlobalIDString = 298F69922BAFAFAE00CE9FDD;
			remoteInfo = "CS5520 Final Project";
		};
		298F69B42BAFAFB100CE9FDD /* PBXContainerItemProxy */ = {
			isa = PBXContainerItemProxy;
			containerPortal = 298F698B2BAFAFAE00CE9FDD /* Project object */;
			proxyType = 1;
			remoteGlobalIDString = 298F69922BAFAFAE00CE9FDD;
			remoteInfo = "CS5520 Final Project";
		};
/* End PBXContainerItemProxy section */

/* Begin PBXFileReference section */
		29474A312BAFB95A00364FCC /* LoginScreen.swift */ = {isa = PBXFileReference; lastKnownFileType = sourcecode.swift; path = LoginScreen.swift; sourceTree = "<group>"; };
		29474A342BAFDF0100364FCC /* SignUpScreen.swift */ = {isa = PBXFileReference; lastKnownFileType = sourcecode.swift; path = SignUpScreen.swift; sourceTree = "<group>"; };
		29474A372BAFDF2600364FCC /* ProfileScreen.swift */ = {isa = PBXFileReference; lastKnownFileType = sourcecode.swift; path = ProfileScreen.swift; sourceTree = "<group>"; };
		29474A3A2BAFDF5500364FCC /* AddRecipeScreen.swift */ = {isa = PBXFileReference; lastKnownFileType = sourcecode.swift; path = AddRecipeScreen.swift; sourceTree = "<group>"; };
		29474A3D2BAFDF7200364FCC /* RecipeScreen.swift */ = {isa = PBXFileReference; lastKnownFileType = sourcecode.swift; path = RecipeScreen.swift; sourceTree = "<group>"; };
		29474A402BAFDFDD00364FCC /* GenerateRecipeScreen.swift */ = {isa = PBXFileReference; lastKnownFileType = sourcecode.swift; path = GenerateRecipeScreen.swift; sourceTree = "<group>"; };
		29474A432BAFDFF800364FCC /* MainScreen.swift */ = {isa = PBXFileReference; lastKnownFileType = sourcecode.swift; path = MainScreen.swift; sourceTree = "<group>"; };
		29474A472BBD060A00364FCC /* ContentCardCell.swift */ = {isa = PBXFileReference; lastKnownFileType = sourcecode.swift; path = ContentCardCell.swift; sourceTree = "<group>"; };
		29474A492BBD1D7600364FCC /* MainScreenViewController.swift */ = {isa = PBXFileReference; lastKnownFileType = sourcecode.swift; path = MainScreenViewController.swift; sourceTree = "<group>"; };
		29474A4B2BBD264400364FCC /* SignUpViewController.swift */ = {isa = PBXFileReference; lastKnownFileType = sourcecode.swift; path = SignUpViewController.swift; sourceTree = "<group>"; };
		29474A4D2BBD265600364FCC /* LoginViewController.swift */ = {isa = PBXFileReference; lastKnownFileType = sourcecode.swift; path = LoginViewController.swift; sourceTree = "<group>"; };
		298F69932BAFAFAE00CE9FDD /* CS5520 Final Project.app */ = {isa = PBXFileReference; explicitFileType = wrapper.application; includeInIndex = 0; path = "CS5520 Final Project.app"; sourceTree = BUILT_PRODUCTS_DIR; };
		298F69962BAFAFAE00CE9FDD /* AppDelegate.swift */ = {isa = PBXFileReference; lastKnownFileType = sourcecode.swift; path = AppDelegate.swift; sourceTree = "<group>"; };
		298F69982BAFAFAE00CE9FDD /* SceneDelegate.swift */ = {isa = PBXFileReference; lastKnownFileType = sourcecode.swift; path = SceneDelegate.swift; sourceTree = "<group>"; };
		298F699A2BAFAFAE00CE9FDD /* ViewController.swift */ = {isa = PBXFileReference; lastKnownFileType = sourcecode.swift; path = ViewController.swift; sourceTree = "<group>"; };
		298F699D2BAFAFAE00CE9FDD /* Base */ = {isa = PBXFileReference; lastKnownFileType = file.storyboard; name = Base; path = Base.lproj/Main.storyboard; sourceTree = "<group>"; };
		298F699F2BAFAFB100CE9FDD /* Assets.xcassets */ = {isa = PBXFileReference; lastKnownFileType = folder.assetcatalog; path = Assets.xcassets; sourceTree = "<group>"; };
		298F69A22BAFAFB100CE9FDD /* Base */ = {isa = PBXFileReference; lastKnownFileType = file.storyboard; name = Base; path = Base.lproj/LaunchScreen.storyboard; sourceTree = "<group>"; };
		298F69A42BAFAFB100CE9FDD /* Info.plist */ = {isa = PBXFileReference; lastKnownFileType = text.plist.xml; path = Info.plist; sourceTree = "<group>"; };
		298F69A92BAFAFB100CE9FDD /* CS5520 Final ProjectTests.xctest */ = {isa = PBXFileReference; explicitFileType = wrapper.cfbundle; includeInIndex = 0; path = "CS5520 Final ProjectTests.xctest"; sourceTree = BUILT_PRODUCTS_DIR; };
		298F69AD2BAFAFB100CE9FDD /* CS5520_Final_ProjectTests.swift */ = {isa = PBXFileReference; lastKnownFileType = sourcecode.swift; path = CS5520_Final_ProjectTests.swift; sourceTree = "<group>"; };
		298F69B32BAFAFB100CE9FDD /* CS5520 Final ProjectUITests.xctest */ = {isa = PBXFileReference; explicitFileType = wrapper.cfbundle; includeInIndex = 0; path = "CS5520 Final ProjectUITests.xctest"; sourceTree = BUILT_PRODUCTS_DIR; };
		298F69B72BAFAFB100CE9FDD /* CS5520_Final_ProjectUITests.swift */ = {isa = PBXFileReference; lastKnownFileType = sourcecode.swift; path = CS5520_Final_ProjectUITests.swift; sourceTree = "<group>"; };
		298F69B92BAFAFB100CE9FDD /* CS5520_Final_ProjectUITestsLaunchTests.swift */ = {isa = PBXFileReference; lastKnownFileType = sourcecode.swift; path = CS5520_Final_ProjectUITestsLaunchTests.swift; sourceTree = "<group>"; };
		298F69C62BAFB05A00CE9FDD /* README.md */ = {isa = PBXFileReference; lastKnownFileType = net.daringfireball.markdown; path = README.md; sourceTree = "<group>"; };
/* End PBXFileReference section */

/* Begin PBXFrameworksBuildPhase section */
		298F69902BAFAFAE00CE9FDD /* Frameworks */ = {
			isa = PBXFrameworksBuildPhase;
			buildActionMask = 2147483647;
			files = (
			);
			runOnlyForDeploymentPostprocessing = 0;
		};
		298F69A62BAFAFB100CE9FDD /* Frameworks */ = {
			isa = PBXFrameworksBuildPhase;
			buildActionMask = 2147483647;
			files = (
			);
			runOnlyForDeploymentPostprocessing = 0;
		};
		298F69B02BAFAFB100CE9FDD /* Frameworks */ = {
			isa = PBXFrameworksBuildPhase;
			buildActionMask = 2147483647;
			files = (
			);
			runOnlyForDeploymentPostprocessing = 0;
		};
/* End PBXFrameworksBuildPhase section */

/* Begin PBXGroup section */
		29474A2F2BAFB94300364FCC /* Login Screen */ = {
			isa = PBXGroup;
			children = (
				29474A312BAFB95A00364FCC /* LoginScreen.swift */,
				29474A4D2BBD265600364FCC /* LoginViewController.swift */,
			);
			path = "Login Screen";
			sourceTree = "<group>";
		};
		29474A332BAFDEC800364FCC /* Signup Screen */ = {
			isa = PBXGroup;
			children = (
				29474A342BAFDF0100364FCC /* SignUpScreen.swift */,
				29474A4B2BBD264400364FCC /* SignUpViewController.swift */,
			);
			path = "Signup Screen";
			sourceTree = "<group>";
		};
		29474A362BAFDF0C00364FCC /* Profile Screen */ = {
			isa = PBXGroup;
			children = (
				29474A372BAFDF2600364FCC /* ProfileScreen.swift */,
			);
			path = "Profile Screen";
			sourceTree = "<group>";
		};
		29474A392BAFDF2A00364FCC /* Add Recipe Screen */ = {
			isa = PBXGroup;
			children = (
				29474A3A2BAFDF5500364FCC /* AddRecipeScreen.swift */,
			);
			path = "Add Recipe Screen";
			sourceTree = "<group>";
		};
		29474A3C2BAFDF5900364FCC /* Recipe Screen */ = {
			isa = PBXGroup;
			children = (
				29474A3D2BAFDF7200364FCC /* RecipeScreen.swift */,
			);
			path = "Recipe Screen";
			sourceTree = "<group>";
		};
		29474A3F2BAFDFA100364FCC /* Generate Recipe Screen */ = {
			isa = PBXGroup;
			children = (
				29474A402BAFDFDD00364FCC /* GenerateRecipeScreen.swift */,
			);
			path = "Generate Recipe Screen";
			sourceTree = "<group>";
		};
		29474A422BAFDFE800364FCC /* Main Screen */ = {
			isa = PBXGroup;
			children = (
				29474A432BAFDFF800364FCC /* MainScreen.swift */,
				29474A472BBD060A00364FCC /* ContentCardCell.swift */,
				29474A492BBD1D7600364FCC /* MainScreenViewController.swift */,
			);
			path = "Main Screen";
			sourceTree = "<group>";
		};
		298F698A2BAFAFAE00CE9FDD = {
			isa = PBXGroup;
			children = (
				298F69C62BAFB05A00CE9FDD /* README.md */,
				298F69952BAFAFAE00CE9FDD /* CS5520 Final Project */,
				298F69AC2BAFAFB100CE9FDD /* CS5520 Final ProjectTests */,
				298F69B62BAFAFB100CE9FDD /* CS5520 Final ProjectUITests */,
				298F69942BAFAFAE00CE9FDD /* Products */,
			);
			sourceTree = "<group>";
		};
		298F69942BAFAFAE00CE9FDD /* Products */ = {
			isa = PBXGroup;
			children = (
				298F69932BAFAFAE00CE9FDD /* CS5520 Final Project.app */,
				298F69A92BAFAFB100CE9FDD /* CS5520 Final ProjectTests.xctest */,
				298F69B32BAFAFB100CE9FDD /* CS5520 Final ProjectUITests.xctest */,
			);
			name = Products;
			sourceTree = "<group>";
		};
		298F69952BAFAFAE00CE9FDD /* CS5520 Final Project */ = {
			isa = PBXGroup;
			children = (
				29474A422BAFDFE800364FCC /* Main Screen */,
				29474A3F2BAFDFA100364FCC /* Generate Recipe Screen */,
				29474A3C2BAFDF5900364FCC /* Recipe Screen */,
				29474A392BAFDF2A00364FCC /* Add Recipe Screen */,
				29474A362BAFDF0C00364FCC /* Profile Screen */,
				29474A332BAFDEC800364FCC /* Signup Screen */,
				29474A2F2BAFB94300364FCC /* Login Screen */,
				298F69962BAFAFAE00CE9FDD /* AppDelegate.swift */,
				298F69982BAFAFAE00CE9FDD /* SceneDelegate.swift */,
				298F699A2BAFAFAE00CE9FDD /* ViewController.swift */,
				298F699C2BAFAFAE00CE9FDD /* Main.storyboard */,
				298F699F2BAFAFB100CE9FDD /* Assets.xcassets */,
				298F69A12BAFAFB100CE9FDD /* LaunchScreen.storyboard */,
				298F69A42BAFAFB100CE9FDD /* Info.plist */,
			);
			path = "CS5520 Final Project";
			sourceTree = "<group>";
		};
		298F69AC2BAFAFB100CE9FDD /* CS5520 Final ProjectTests */ = {
			isa = PBXGroup;
			children = (
				298F69AD2BAFAFB100CE9FDD /* CS5520_Final_ProjectTests.swift */,
			);
			path = "CS5520 Final ProjectTests";
			sourceTree = "<group>";
		};
		298F69B62BAFAFB100CE9FDD /* CS5520 Final ProjectUITests */ = {
			isa = PBXGroup;
			children = (
				298F69B72BAFAFB100CE9FDD /* CS5520_Final_ProjectUITests.swift */,
				298F69B92BAFAFB100CE9FDD /* CS5520_Final_ProjectUITestsLaunchTests.swift */,
			);
			path = "CS5520 Final ProjectUITests";
			sourceTree = "<group>";
		};
/* End PBXGroup section */

/* Begin PBXNativeTarget section */
		298F69922BAFAFAE00CE9FDD /* CS5520 Final Project */ = {
			isa = PBXNativeTarget;
			buildConfigurationList = 298F69BD2BAFAFB100CE9FDD /* Build configuration list for PBXNativeTarget "CS5520 Final Project" */;
			buildPhases = (
				298F698F2BAFAFAE00CE9FDD /* Sources */,
				298F69902BAFAFAE00CE9FDD /* Frameworks */,
				298F69912BAFAFAE00CE9FDD /* Resources */,
			);
			buildRules = (
			);
			dependencies = (
			);
			name = "CS5520 Final Project";
			productName = "CS5520 Final Project";
			productReference = 298F69932BAFAFAE00CE9FDD /* CS5520 Final Project.app */;
			productType = "com.apple.product-type.application";
		};
		298F69A82BAFAFB100CE9FDD /* CS5520 Final ProjectTests */ = {
			isa = PBXNativeTarget;
			buildConfigurationList = 298F69C02BAFAFB100CE9FDD /* Build configuration list for PBXNativeTarget "CS5520 Final ProjectTests" */;
			buildPhases = (
				298F69A52BAFAFB100CE9FDD /* Sources */,
				298F69A62BAFAFB100CE9FDD /* Frameworks */,
				298F69A72BAFAFB100CE9FDD /* Resources */,
			);
			buildRules = (
			);
			dependencies = (
				298F69AB2BAFAFB100CE9FDD /* PBXTargetDependency */,
			);
			name = "CS5520 Final ProjectTests";
			productName = "CS5520 Final ProjectTests";
			productReference = 298F69A92BAFAFB100CE9FDD /* CS5520 Final ProjectTests.xctest */;
			productType = "com.apple.product-type.bundle.unit-test";
		};
		298F69B22BAFAFB100CE9FDD /* CS5520 Final ProjectUITests */ = {
			isa = PBXNativeTarget;
			buildConfigurationList = 298F69C32BAFAFB100CE9FDD /* Build configuration list for PBXNativeTarget "CS5520 Final ProjectUITests" */;
			buildPhases = (
				298F69AF2BAFAFB100CE9FDD /* Sources */,
				298F69B02BAFAFB100CE9FDD /* Frameworks */,
				298F69B12BAFAFB100CE9FDD /* Resources */,
			);
			buildRules = (
			);
			dependencies = (
				298F69B52BAFAFB100CE9FDD /* PBXTargetDependency */,
			);
			name = "CS5520 Final ProjectUITests";
			productName = "CS5520 Final ProjectUITests";
			productReference = 298F69B32BAFAFB100CE9FDD /* CS5520 Final ProjectUITests.xctest */;
			productType = "com.apple.product-type.bundle.ui-testing";
		};
/* End PBXNativeTarget section */

/* Begin PBXProject section */
		298F698B2BAFAFAE00CE9FDD /* Project object */ = {
			isa = PBXProject;
			attributes = {
				BuildIndependentTargetsInParallel = 1;
				LastSwiftUpdateCheck = 1530;
				LastUpgradeCheck = 1530;
				TargetAttributes = {
					298F69922BAFAFAE00CE9FDD = {
						CreatedOnToolsVersion = 15.3;
					};
					298F69A82BAFAFB100CE9FDD = {
						CreatedOnToolsVersion = 15.3;
						TestTargetID = 298F69922BAFAFAE00CE9FDD;
					};
					298F69B22BAFAFB100CE9FDD = {
						CreatedOnToolsVersion = 15.3;
						TestTargetID = 298F69922BAFAFAE00CE9FDD;
					};
				};
			};
			buildConfigurationList = 298F698E2BAFAFAE00CE9FDD /* Build configuration list for PBXProject "CS5520 Final Project" */;
			compatibilityVersion = "Xcode 14.0";
			developmentRegion = en;
			hasScannedForEncodings = 0;
			knownRegions = (
				en,
				Base,
			);
			mainGroup = 298F698A2BAFAFAE00CE9FDD;
			productRefGroup = 298F69942BAFAFAE00CE9FDD /* Products */;
			projectDirPath = "";
			projectRoot = "";
			targets = (
				298F69922BAFAFAE00CE9FDD /* CS5520 Final Project */,
				298F69A82BAFAFB100CE9FDD /* CS5520 Final ProjectTests */,
				298F69B22BAFAFB100CE9FDD /* CS5520 Final ProjectUITests */,
			);
		};
/* End PBXProject section */

/* Begin PBXResourcesBuildPhase section */
		298F69912BAFAFAE00CE9FDD /* Resources */ = {
			isa = PBXResourcesBuildPhase;
			buildActionMask = 2147483647;
			files = (
				298F69A02BAFAFB100CE9FDD /* Assets.xcassets in Resources */,
				298F69A32BAFAFB100CE9FDD /* Base in Resources */,
				298F699E2BAFAFAE00CE9FDD /* Base in Resources */,
			);
			runOnlyForDeploymentPostprocessing = 0;
		};
		298F69A72BAFAFB100CE9FDD /* Resources */ = {
			isa = PBXResourcesBuildPhase;
			buildActionMask = 2147483647;
			files = (
			);
			runOnlyForDeploymentPostprocessing = 0;
		};
		298F69B12BAFAFB100CE9FDD /* Resources */ = {
			isa = PBXResourcesBuildPhase;
			buildActionMask = 2147483647;
			files = (
			);
			runOnlyForDeploymentPostprocessing = 0;
		};
/* End PBXResourcesBuildPhase section */

/* Begin PBXSourcesBuildPhase section */
		298F698F2BAFAFAE00CE9FDD /* Sources */ = {
			isa = PBXSourcesBuildPhase;
			buildActionMask = 2147483647;
			files = (
				29474A4E2BBD265600364FCC /* LoginViewController.swift in Sources */,
				29474A3B2BAFDF5500364FCC /* AddRecipeScreen.swift in Sources */,
				29474A352BAFDF0100364FCC /* SignUpScreen.swift in Sources */,
				29474A442BAFDFF800364FCC /* MainScreen.swift in Sources */,
				29474A482BBD060A00364FCC /* ContentCardCell.swift in Sources */,
				29474A412BAFDFDD00364FCC /* GenerateRecipeScreen.swift in Sources */,
				29474A4A2BBD1D7600364FCC /* MainScreenViewController.swift in Sources */,
				29474A382BAFDF2600364FCC /* ProfileScreen.swift in Sources */,
				298F699B2BAFAFAE00CE9FDD /* ViewController.swift in Sources */,
				298F69972BAFAFAE00CE9FDD /* AppDelegate.swift in Sources */,
				29474A3E2BAFDF7200364FCC /* RecipeScreen.swift in Sources */,
				298F69992BAFAFAE00CE9FDD /* SceneDelegate.swift in Sources */,
				29474A4C2BBD264400364FCC /* SignUpViewController.swift in Sources */,
				29474A322BAFB95A00364FCC /* LoginScreen.swift in Sources */,
			);
			runOnlyForDeploymentPostprocessing = 0;
		};
		298F69A52BAFAFB100CE9FDD /* Sources */ = {
			isa = PBXSourcesBuildPhase;
			buildActionMask = 2147483647;
			files = (
				298F69AE2BAFAFB100CE9FDD /* CS5520_Final_ProjectTests.swift in Sources */,
			);
			runOnlyForDeploymentPostprocessing = 0;
		};
		298F69AF2BAFAFB100CE9FDD /* Sources */ = {
			isa = PBXSourcesBuildPhase;
			buildActionMask = 2147483647;
			files = (
				298F69B82BAFAFB100CE9FDD /* CS5520_Final_ProjectUITests.swift in Sources */,
				298F69BA2BAFAFB100CE9FDD /* CS5520_Final_ProjectUITestsLaunchTests.swift in Sources */,
			);
			runOnlyForDeploymentPostprocessing = 0;
		};
/* End PBXSourcesBuildPhase section */

/* Begin PBXTargetDependency section */
		298F69AB2BAFAFB100CE9FDD /* PBXTargetDependency */ = {
			isa = PBXTargetDependency;
			target = 298F69922BAFAFAE00CE9FDD /* CS5520 Final Project */;
			targetProxy = 298F69AA2BAFAFB100CE9FDD /* PBXContainerItemProxy */;
		};
		298F69B52BAFAFB100CE9FDD /* PBXTargetDependency */ = {
			isa = PBXTargetDependency;
			target = 298F69922BAFAFAE00CE9FDD /* CS5520 Final Project */;
			targetProxy = 298F69B42BAFAFB100CE9FDD /* PBXContainerItemProxy */;
		};
/* End PBXTargetDependency section */

/* Begin PBXVariantGroup section */
		298F699C2BAFAFAE00CE9FDD /* Main.storyboard */ = {
			isa = PBXVariantGroup;
			children = (
				298F699D2BAFAFAE00CE9FDD /* Base */,
			);
			name = Main.storyboard;
			sourceTree = "<group>";
		};
		298F69A12BAFAFB100CE9FDD /* LaunchScreen.storyboard */ = {
			isa = PBXVariantGroup;
			children = (
				298F69A22BAFAFB100CE9FDD /* Base */,
			);
			name = LaunchScreen.storyboard;
			sourceTree = "<group>";
		};
/* End PBXVariantGroup section */

/* Begin XCBuildConfiguration section */
		298F69BB2BAFAFB100CE9FDD /* Debug */ = {
			isa = XCBuildConfiguration;
			buildSettings = {
				ALWAYS_SEARCH_USER_PATHS = NO;
				ASSETCATALOG_COMPILER_GENERATE_SWIFT_ASSET_SYMBOL_EXTENSIONS = YES;
				CLANG_ANALYZER_NONNULL = YES;
				CLANG_ANALYZER_NUMBER_OBJECT_CONVERSION = YES_AGGRESSIVE;
				CLANG_CXX_LANGUAGE_STANDARD = "gnu++20";
				CLANG_ENABLE_MODULES = YES;
				CLANG_ENABLE_OBJC_ARC = YES;
				CLANG_ENABLE_OBJC_WEAK = YES;
				CLANG_WARN_BLOCK_CAPTURE_AUTORELEASING = YES;
				CLANG_WARN_BOOL_CONVERSION = YES;
				CLANG_WARN_COMMA = YES;
				CLANG_WARN_CONSTANT_CONVERSION = YES;
				CLANG_WARN_DEPRECATED_OBJC_IMPLEMENTATIONS = YES;
				CLANG_WARN_DIRECT_OBJC_ISA_USAGE = YES_ERROR;
				CLANG_WARN_DOCUMENTATION_COMMENTS = YES;
				CLANG_WARN_EMPTY_BODY = YES;
				CLANG_WARN_ENUM_CONVERSION = YES;
				CLANG_WARN_INFINITE_RECURSION = YES;
				CLANG_WARN_INT_CONVERSION = YES;
				CLANG_WARN_NON_LITERAL_NULL_CONVERSION = YES;
				CLANG_WARN_OBJC_IMPLICIT_RETAIN_SELF = YES;
				CLANG_WARN_OBJC_LITERAL_CONVERSION = YES;
				CLANG_WARN_OBJC_ROOT_CLASS = YES_ERROR;
				CLANG_WARN_QUOTED_INCLUDE_IN_FRAMEWORK_HEADER = YES;
				CLANG_WARN_RANGE_LOOP_ANALYSIS = YES;
				CLANG_WARN_STRICT_PROTOTYPES = YES;
				CLANG_WARN_SUSPICIOUS_MOVE = YES;
				CLANG_WARN_UNGUARDED_AVAILABILITY = YES_AGGRESSIVE;
				CLANG_WARN_UNREACHABLE_CODE = YES;
				CLANG_WARN__DUPLICATE_METHOD_MATCH = YES;
				COPY_PHASE_STRIP = NO;
				DEBUG_INFORMATION_FORMAT = dwarf;
				ENABLE_STRICT_OBJC_MSGSEND = YES;
				ENABLE_TESTABILITY = YES;
				ENABLE_USER_SCRIPT_SANDBOXING = YES;
				GCC_C_LANGUAGE_STANDARD = gnu17;
				GCC_DYNAMIC_NO_PIC = NO;
				GCC_NO_COMMON_BLOCKS = YES;
				GCC_OPTIMIZATION_LEVEL = 0;
				GCC_PREPROCESSOR_DEFINITIONS = (
					"DEBUG=1",
					"$(inherited)",
				);
				GCC_WARN_64_TO_32_BIT_CONVERSION = YES;
				GCC_WARN_ABOUT_RETURN_TYPE = YES_ERROR;
				GCC_WARN_UNDECLARED_SELECTOR = YES;
				GCC_WARN_UNINITIALIZED_AUTOS = YES_AGGRESSIVE;
				GCC_WARN_UNUSED_FUNCTION = YES;
				GCC_WARN_UNUSED_VARIABLE = YES;
				IPHONEOS_DEPLOYMENT_TARGET = 17.4;
				LOCALIZATION_PREFERS_STRING_CATALOGS = YES;
				MTL_ENABLE_DEBUG_INFO = INCLUDE_SOURCE;
				MTL_FAST_MATH = YES;
				ONLY_ACTIVE_ARCH = YES;
				SDKROOT = iphoneos;
				SWIFT_ACTIVE_COMPILATION_CONDITIONS = "DEBUG $(inherited)";
				SWIFT_OPTIMIZATION_LEVEL = "-Onone";
			};
			name = Debug;
		};
		298F69BC2BAFAFB100CE9FDD /* Release */ = {
			isa = XCBuildConfiguration;
			buildSettings = {
				ALWAYS_SEARCH_USER_PATHS = NO;
				ASSETCATALOG_COMPILER_GENERATE_SWIFT_ASSET_SYMBOL_EXTENSIONS = YES;
				CLANG_ANALYZER_NONNULL = YES;
				CLANG_ANALYZER_NUMBER_OBJECT_CONVERSION = YES_AGGRESSIVE;
				CLANG_CXX_LANGUAGE_STANDARD = "gnu++20";
				CLANG_ENABLE_MODULES = YES;
				CLANG_ENABLE_OBJC_ARC = YES;
				CLANG_ENABLE_OBJC_WEAK = YES;
				CLANG_WARN_BLOCK_CAPTURE_AUTORELEASING = YES;
				CLANG_WARN_BOOL_CONVERSION = YES;
				CLANG_WARN_COMMA = YES;
				CLANG_WARN_CONSTANT_CONVERSION = YES;
				CLANG_WARN_DEPRECATED_OBJC_IMPLEMENTATIONS = YES;
				CLANG_WARN_DIRECT_OBJC_ISA_USAGE = YES_ERROR;
				CLANG_WARN_DOCUMENTATION_COMMENTS = YES;
				CLANG_WARN_EMPTY_BODY = YES;
				CLANG_WARN_ENUM_CONVERSION = YES;
				CLANG_WARN_INFINITE_RECURSION = YES;
				CLANG_WARN_INT_CONVERSION = YES;
				CLANG_WARN_NON_LITERAL_NULL_CONVERSION = YES;
				CLANG_WARN_OBJC_IMPLICIT_RETAIN_SELF = YES;
				CLANG_WARN_OBJC_LITERAL_CONVERSION = YES;
				CLANG_WARN_OBJC_ROOT_CLASS = YES_ERROR;
				CLANG_WARN_QUOTED_INCLUDE_IN_FRAMEWORK_HEADER = YES;
				CLANG_WARN_RANGE_LOOP_ANALYSIS = YES;
				CLANG_WARN_STRICT_PROTOTYPES = YES;
				CLANG_WARN_SUSPICIOUS_MOVE = YES;
				CLANG_WARN_UNGUARDED_AVAILABILITY = YES_AGGRESSIVE;
				CLANG_WARN_UNREACHABLE_CODE = YES;
				CLANG_WARN__DUPLICATE_METHOD_MATCH = YES;
				COPY_PHASE_STRIP = NO;
				DEBUG_INFORMATION_FORMAT = "dwarf-with-dsym";
				ENABLE_NS_ASSERTIONS = NO;
				ENABLE_STRICT_OBJC_MSGSEND = YES;
				ENABLE_USER_SCRIPT_SANDBOXING = YES;
				GCC_C_LANGUAGE_STANDARD = gnu17;
				GCC_NO_COMMON_BLOCKS = YES;
				GCC_WARN_64_TO_32_BIT_CONVERSION = YES;
				GCC_WARN_ABOUT_RETURN_TYPE = YES_ERROR;
				GCC_WARN_UNDECLARED_SELECTOR = YES;
				GCC_WARN_UNINITIALIZED_AUTOS = YES_AGGRESSIVE;
				GCC_WARN_UNUSED_FUNCTION = YES;
				GCC_WARN_UNUSED_VARIABLE = YES;
				IPHONEOS_DEPLOYMENT_TARGET = 17.4;
				LOCALIZATION_PREFERS_STRING_CATALOGS = YES;
				MTL_ENABLE_DEBUG_INFO = NO;
				MTL_FAST_MATH = YES;
				SDKROOT = iphoneos;
				SWIFT_COMPILATION_MODE = wholemodule;
				VALIDATE_PRODUCT = YES;
			};
			name = Release;
		};
		298F69BE2BAFAFB100CE9FDD /* Debug */ = {
			isa = XCBuildConfiguration;
			buildSettings = {
				ASSETCATALOG_COMPILER_APPICON_NAME = AppIcon;
				ASSETCATALOG_COMPILER_GLOBAL_ACCENT_COLOR_NAME = AccentColor;
				CODE_SIGN_STYLE = Automatic;
				CURRENT_PROJECT_VERSION = 1;
				DEVELOPMENT_TEAM = 786T2DLA66;
				GENERATE_INFOPLIST_FILE = YES;
				INFOPLIST_FILE = "CS5520 Final Project/Info.plist";
				INFOPLIST_KEY_UIApplicationSupportsIndirectInputEvents = YES;
				INFOPLIST_KEY_UILaunchStoryboardName = LaunchScreen;
				INFOPLIST_KEY_UIMainStoryboardFile = Main;
				INFOPLIST_KEY_UISupportedInterfaceOrientations_iPad = "UIInterfaceOrientationPortrait UIInterfaceOrientationPortraitUpsideDown UIInterfaceOrientationLandscapeLeft UIInterfaceOrientationLandscapeRight";
				INFOPLIST_KEY_UISupportedInterfaceOrientations_iPhone = "UIInterfaceOrientationPortrait UIInterfaceOrientationLandscapeLeft UIInterfaceOrientationLandscapeRight";
				LD_RUNPATH_SEARCH_PATHS = (
					"$(inherited)",
					"@executable_path/Frameworks",
				);
				MARKETING_VERSION = 1.0;
				PRODUCT_BUNDLE_IDENTIFIER = "com.nuios.CS5520-Final-Project";
				PRODUCT_NAME = "$(TARGET_NAME)";
				SWIFT_EMIT_LOC_STRINGS = YES;
				SWIFT_VERSION = 5.0;
				TARGETED_DEVICE_FAMILY = "1,2";
			};
			name = Debug;
		};
		298F69BF2BAFAFB100CE9FDD /* Release */ = {
			isa = XCBuildConfiguration;
			buildSettings = {
				ASSETCATALOG_COMPILER_APPICON_NAME = AppIcon;
				ASSETCATALOG_COMPILER_GLOBAL_ACCENT_COLOR_NAME = AccentColor;
				CODE_SIGN_STYLE = Automatic;
				CURRENT_PROJECT_VERSION = 1;
				DEVELOPMENT_TEAM = 786T2DLA66;
				GENERATE_INFOPLIST_FILE = YES;
				INFOPLIST_FILE = "CS5520 Final Project/Info.plist";
				INFOPLIST_KEY_UIApplicationSupportsIndirectInputEvents = YES;
				INFOPLIST_KEY_UILaunchStoryboardName = LaunchScreen;
				INFOPLIST_KEY_UIMainStoryboardFile = Main;
				INFOPLIST_KEY_UISupportedInterfaceOrientations_iPad = "UIInterfaceOrientationPortrait UIInterfaceOrientationPortraitUpsideDown UIInterfaceOrientationLandscapeLeft UIInterfaceOrientationLandscapeRight";
				INFOPLIST_KEY_UISupportedInterfaceOrientations_iPhone = "UIInterfaceOrientationPortrait UIInterfaceOrientationLandscapeLeft UIInterfaceOrientationLandscapeRight";
				LD_RUNPATH_SEARCH_PATHS = (
					"$(inherited)",
					"@executable_path/Frameworks",
				);
				MARKETING_VERSION = 1.0;
				PRODUCT_BUNDLE_IDENTIFIER = "com.nuios.CS5520-Final-Project";
				PRODUCT_NAME = "$(TARGET_NAME)";
				SWIFT_EMIT_LOC_STRINGS = YES;
				SWIFT_VERSION = 5.0;
				TARGETED_DEVICE_FAMILY = "1,2";
			};
			name = Release;
		};
		298F69C12BAFAFB100CE9FDD /* Debug */ = {
			isa = XCBuildConfiguration;
			buildSettings = {
				ALWAYS_EMBED_SWIFT_STANDARD_LIBRARIES = YES;
				BUNDLE_LOADER = "$(TEST_HOST)";
				CODE_SIGN_STYLE = Automatic;
				CURRENT_PROJECT_VERSION = 1;
				DEVELOPMENT_TEAM = 786T2DLA66;
				GENERATE_INFOPLIST_FILE = YES;
				IPHONEOS_DEPLOYMENT_TARGET = 17.4;
				MARKETING_VERSION = 1.0;
				PRODUCT_BUNDLE_IDENTIFIER = "com.nuios.CS5520-Final-ProjectTests";
				PRODUCT_NAME = "$(TARGET_NAME)";
				SWIFT_EMIT_LOC_STRINGS = NO;
				SWIFT_VERSION = 5.0;
				TARGETED_DEVICE_FAMILY = "1,2";
				TEST_HOST = "$(BUILT_PRODUCTS_DIR)/CS5520 Final Project.app/$(BUNDLE_EXECUTABLE_FOLDER_PATH)/CS5520 Final Project";
			};
			name = Debug;
		};
		298F69C22BAFAFB100CE9FDD /* Release */ = {
			isa = XCBuildConfiguration;
			buildSettings = {
				ALWAYS_EMBED_SWIFT_STANDARD_LIBRARIES = YES;
				BUNDLE_LOADER = "$(TEST_HOST)";
				CODE_SIGN_STYLE = Automatic;
				CURRENT_PROJECT_VERSION = 1;
				DEVELOPMENT_TEAM = 786T2DLA66;
				GENERATE_INFOPLIST_FILE = YES;
				IPHONEOS_DEPLOYMENT_TARGET = 17.4;
				MARKETING_VERSION = 1.0;
				PRODUCT_BUNDLE_IDENTIFIER = "com.nuios.CS5520-Final-ProjectTests";
				PRODUCT_NAME = "$(TARGET_NAME)";
				SWIFT_EMIT_LOC_STRINGS = NO;
				SWIFT_VERSION = 5.0;
				TARGETED_DEVICE_FAMILY = "1,2";
				TEST_HOST = "$(BUILT_PRODUCTS_DIR)/CS5520 Final Project.app/$(BUNDLE_EXECUTABLE_FOLDER_PATH)/CS5520 Final Project";
			};
			name = Release;
		};
		298F69C42BAFAFB100CE9FDD /* Debug */ = {
			isa = XCBuildConfiguration;
			buildSettings = {
				ALWAYS_EMBED_SWIFT_STANDARD_LIBRARIES = YES;
				CODE_SIGN_STYLE = Automatic;
				CURRENT_PROJECT_VERSION = 1;
				DEVELOPMENT_TEAM = 786T2DLA66;
				GENERATE_INFOPLIST_FILE = YES;
				MARKETING_VERSION = 1.0;
				PRODUCT_BUNDLE_IDENTIFIER = "com.nuios.CS5520-Final-ProjectUITests";
				PRODUCT_NAME = "$(TARGET_NAME)";
				SWIFT_EMIT_LOC_STRINGS = NO;
				SWIFT_VERSION = 5.0;
				TARGETED_DEVICE_FAMILY = "1,2";
				TEST_TARGET_NAME = "CS5520 Final Project";
			};
			name = Debug;
		};
		298F69C52BAFAFB100CE9FDD /* Release */ = {
			isa = XCBuildConfiguration;
			buildSettings = {
				ALWAYS_EMBED_SWIFT_STANDARD_LIBRARIES = YES;
				CODE_SIGN_STYLE = Automatic;
				CURRENT_PROJECT_VERSION = 1;
				DEVELOPMENT_TEAM = 786T2DLA66;
				GENERATE_INFOPLIST_FILE = YES;
				MARKETING_VERSION = 1.0;
				PRODUCT_BUNDLE_IDENTIFIER = "com.nuios.CS5520-Final-ProjectUITests";
				PRODUCT_NAME = "$(TARGET_NAME)";
				SWIFT_EMIT_LOC_STRINGS = NO;
				SWIFT_VERSION = 5.0;
				TARGETED_DEVICE_FAMILY = "1,2";
				TEST_TARGET_NAME = "CS5520 Final Project";
			};
			name = Release;
		};
/* End XCBuildConfiguration section */

/* Begin XCConfigurationList section */
		298F698E2BAFAFAE00CE9FDD /* Build configuration list for PBXProject "CS5520 Final Project" */ = {
			isa = XCConfigurationList;
			buildConfigurations = (
				298F69BB2BAFAFB100CE9FDD /* Debug */,
				298F69BC2BAFAFB100CE9FDD /* Release */,
			);
			defaultConfigurationIsVisible = 0;
			defaultConfigurationName = Release;
		};
		298F69BD2BAFAFB100CE9FDD /* Build configuration list for PBXNativeTarget "CS5520 Final Project" */ = {
			isa = XCConfigurationList;
			buildConfigurations = (
				298F69BE2BAFAFB100CE9FDD /* Debug */,
				298F69BF2BAFAFB100CE9FDD /* Release */,
			);
			defaultConfigurationIsVisible = 0;
			defaultConfigurationName = Release;
		};
		298F69C02BAFAFB100CE9FDD /* Build configuration list for PBXNativeTarget "CS5520 Final ProjectTests" */ = {
			isa = XCConfigurationList;
			buildConfigurations = (
				298F69C12BAFAFB100CE9FDD /* Debug */,
				298F69C22BAFAFB100CE9FDD /* Release */,
			);
			defaultConfigurationIsVisible = 0;
			defaultConfigurationName = Release;
		};
		298F69C32BAFAFB100CE9FDD /* Build configuration list for PBXNativeTarget "CS5520 Final ProjectUITests" */ = {
			isa = XCConfigurationList;
			buildConfigurations = (
				298F69C42BAFAFB100CE9FDD /* Debug */,
				298F69C52BAFAFB100CE9FDD /* Release */,
			);
			defaultConfigurationIsVisible = 0;
			defaultConfigurationName = Release;
		};
/* End XCConfigurationList section */
	};
	rootObject = 298F698B2BAFAFAE00CE9FDD /* Project object */;
}
